
Microsoft Visual Studio Solution File, Format Version 12.00
# Visual Studio Version 16
VisualStudioVersion = 16.0.29306.81
MinimumVisualStudioVersion = 10.0.40219.1
Project("{FAE04EC0-301F-11D3-BF4B-00C04F79EFBC}") = "VideoGame Store", "VideoGame Store\VideoGame Store.csproj", "{B8E665A3-3582-40B8-A47F-D572170CCFE6}"
EndProject
Global
	GlobalSection(SolutionConfigurationPlatforms) = preSolution
		Debug|Any CPU = Debug|Any CPU
		Release|Any CPU = Release|Any CPU
	EndGlobalSection
	GlobalSection(ProjectConfigurationPlatforms) = postSolution
		{B8E665A3-3582-40B8-A47F-D572170CCFE6}.Debug|Any CPU.ActiveCfg = Debug|Any CPU
		{B8E665A3-3582-40B8-A47F-D572170CCFE6}.Debug|Any CPU.Build.0 = Debug|Any CPU
		{B8E665A3-3582-40B8-A47F-D572170CCFE6}.Release|Any CPU.ActiveCfg = Release|Any CPU
		{B8E665A3-3582-40B8-A47F-D572170CCFE6}.Release|Any CPU.Build.0 = Release|Any CPU
	EndGlobalSection
	GlobalSection(SolutionProperties) = preSolution
		HideSolutionNode = FALSE
	EndGlobalSection
	GlobalSection(ExtensibilityGlobals) = postSolution
		SolutionGuid = {78DA211F-9527-410D-A403-BFC854AC1C8F}
	EndGlobalSection
EndGlobal
